
Microsoft Visual Studio Solution File, Format Version 12.00
# Visual Studio Version 16
VisualStudioVersion = 16.0.29509.3
MinimumVisualStudioVersion = 10.0.40219.1
Project("{9A19103F-16F7-4668-BE54-9A1E7A4F7556}") = "CCmall.Common", "CCmall.Common\CCmall.Common.csproj", "{22196D47-BCE5-436B-BE6A-083AC3A2D679}"
EndProject
Project("{9A19103F-16F7-4668-BE54-9A1E7A4F7556}") = "CCmall.Model", "CCmall.Model\CCmall.Model.csproj", "{15AB4F80-CFE3-41E8-8C50-C14F6678BF90}"
EndProject
Project("{9A19103F-16F7-4668-BE54-9A1E7A4F7556}") = "CCmall.Repository", "CCmall.Repository\CCmall.Repository.csproj", "{F6CF725A-1300-4178-A4DB-F372371BCC3C}"
EndProject
Project("{9A19103F-16F7-4668-BE54-9A1E7A4F7556}") = "CCmall.Core.Api", "CCmall.Core.Api\CCmall.Core.Api.csproj", "{A62F3D63-8A48-4318-9E85-A223D65DDE12}"
EndProject
Project("{9A19103F-16F7-4668-BE54-9A1E7A4F7556}") = "CCmall.Tests", "CCmall.Tests\CCmall.Tests.csproj", "{7815B0FB-C436-4427-A8CF-706780D5B7B5}"
EndProject
Project("{9A19103F-16F7-4668-BE54-9A1E7A4F7556}") = "CCmall.ApiGateWay", "CCmall.Api.Gateway\CCmall.ApiGateWay.csproj", "{80D7EE5D-97F4-449E-8CAF-4674DBFE092D}"
EndProject
Project("{FAE04EC0-301F-11D3-BF4B-00C04F79EFBC}") = "ConsoleTest", "ConsoleTest\ConsoleTest.csproj", "{055D067C-A930-433E-963B-C27133E31D04}"
EndProject
Global
	GlobalSection(SolutionConfigurationPlatforms) = preSolution
		Debug|Any CPU = Debug|Any CPU
		Release|Any CPU = Release|Any CPU
	EndGlobalSection
	GlobalSection(ProjectConfigurationPlatforms) = postSolution
		{22196D47-BCE5-436B-BE6A-083AC3A2D679}.Debug|Any CPU.ActiveCfg = Debug|Any CPU
		{22196D47-BCE5-436B-BE6A-083AC3A2D679}.Debug|Any CPU.Build.0 = Debug|Any CPU
		{22196D47-BCE5-436B-BE6A-083AC3A2D679}.Release|Any CPU.ActiveCfg = Release|Any CPU
		{22196D47-BCE5-436B-BE6A-083AC3A2D679}.Release|Any CPU.Build.0 = Release|Any CPU
		{15AB4F80-CFE3-41E8-8C50-C14F6678BF90}.Debug|Any CPU.ActiveCfg = Debug|Any CPU
		{15AB4F80-CFE3-41E8-8C50-C14F6678BF90}.Debug|Any CPU.Build.0 = Debug|Any CPU
		{15AB4F80-CFE3-41E8-8C50-C14F6678BF90}.Release|Any CPU.ActiveCfg = Release|Any CPU
		{15AB4F80-CFE3-41E8-8C50-C14F6678BF90}.Release|Any CPU.Build.0 = Release|Any CPU
		{F6CF725A-1300-4178-A4DB-F372371BCC3C}.Debug|Any CPU.ActiveCfg = Debug|Any CPU
		{F6CF725A-1300-4178-A4DB-F372371BCC3C}.Debug|Any CPU.Build.0 = Debug|Any CPU
		{F6CF725A-1300-4178-A4DB-F372371BCC3C}.Release|Any CPU.ActiveCfg = Release|Any CPU
		{F6CF725A-1300-4178-A4DB-F372371BCC3C}.Release|Any CPU.Build.0 = Release|Any CPU
		{A62F3D63-8A48-4318-9E85-A223D65DDE12}.Debug|Any CPU.ActiveCfg = Debug|Any CPU
		{A62F3D63-8A48-4318-9E85-A223D65DDE12}.Debug|Any CPU.Build.0 = Debug|Any CPU
		{A62F3D63-8A48-4318-9E85-A223D65DDE12}.Release|Any CPU.ActiveCfg = Release|Any CPU
		{A62F3D63-8A48-4318-9E85-A223D65DDE12}.Release|Any CPU.Build.0 = Release|Any CPU
		{7815B0FB-C436-4427-A8CF-706780D5B7B5}.Debug|Any CPU.ActiveCfg = Debug|Any CPU
		{7815B0FB-C436-4427-A8CF-706780D5B7B5}.Debug|Any CPU.Build.0 = Debug|Any CPU
		{7815B0FB-C436-4427-A8CF-706780D5B7B5}.Release|Any CPU.ActiveCfg = Release|Any CPU
		{7815B0FB-C436-4427-A8CF-706780D5B7B5}.Release|Any CPU.Build.0 = Release|Any CPU
		{80D7EE5D-97F4-449E-8CAF-4674DBFE092D}.Debug|Any CPU.ActiveCfg = Debug|Any CPU
		{80D7EE5D-97F4-449E-8CAF-4674DBFE092D}.Debug|Any CPU.Build.0 = Debug|Any CPU
		{80D7EE5D-97F4-449E-8CAF-4674DBFE092D}.Release|Any CPU.ActiveCfg = Release|Any CPU
		{80D7EE5D-97F4-449E-8CAF-4674DBFE092D}.Release|Any CPU.Build.0 = Release|Any CPU
		{055D067C-A930-433E-963B-C27133E31D04}.Debug|Any CPU.ActiveCfg = Debug|Any CPU
		{055D067C-A930-433E-963B-C27133E31D04}.Debug|Any CPU.Build.0 = Debug|Any CPU
		{055D067C-A930-433E-963B-C27133E31D04}.Release|Any CPU.ActiveCfg = Release|Any CPU
		{055D067C-A930-433E-963B-C27133E31D04}.Release|Any CPU.Build.0 = Release|Any CPU
	EndGlobalSection
	GlobalSection(SolutionProperties) = preSolution
		HideSolutionNode = FALSE
	EndGlobalSection
	GlobalSection(ExtensibilityGlobals) = postSolution
		SolutionGuid = {98AD2547-C366-4A48-A1EA-56EC80DF7C07}
	EndGlobalSection
EndGlobal
